
Microsoft Visual Studio Solution File, Format Version 12.00
# Visual Studio 15
VisualStudioVersion = 15.0.28307.421
MinimumVisualStudioVersion = 10.0.40219.1
Project("{2150E333-8FDC-42A3-9474-1A3956D46DE8}") = "Api", "Api", "{46AE2E2C-9C9D-42F8-BAA3-50ADDA610B57}"
EndProject
Project("{2150E333-8FDC-42A3-9474-1A3956D46DE8}") = "Domain", "Domain", "{7E93559F-DDEF-4590-9802-C29AB3390A7F}"
EndProject
Project("{2150E333-8FDC-42A3-9474-1A3956D46DE8}") = "Infrastructure", "Infrastructure", "{173123DD-F7BC-48F9-B395-379DFA70D9A0}"
EndProject
Project("{FAE04EC0-301F-11D3-BF4B-00C04F79EFBC}") = "Warehouse.Api", "source\Warehouse.Api\Warehouse.Api.csproj", "{BD8C97F4-C098-4B0E-B04B-9312E58D6AFA}"
EndProject
Global
	GlobalSection(SolutionConfigurationPlatforms) = preSolution
		Debug|Any CPU = Debug|Any CPU
		Release|Any CPU = Release|Any CPU
	EndGlobalSection
	GlobalSection(ProjectConfigurationPlatforms) = postSolution
		{BD8C97F4-C098-4B0E-B04B-9312E58D6AFA}.Debug|Any CPU.ActiveCfg = Debug|Any CPU
		{BD8C97F4-C098-4B0E-B04B-9312E58D6AFA}.Debug|Any CPU.Build.0 = Debug|Any CPU
		{BD8C97F4-C098-4B0E-B04B-9312E58D6AFA}.Release|Any CPU.ActiveCfg = Release|Any CPU
		{BD8C97F4-C098-4B0E-B04B-9312E58D6AFA}.Release|Any CPU.Build.0 = Release|Any CPU
	EndGlobalSection
	GlobalSection(SolutionProperties) = preSolution
		HideSolutionNode = FALSE
	EndGlobalSection
	GlobalSection(NestedProjects) = preSolution
		{BD8C97F4-C098-4B0E-B04B-9312E58D6AFA} = {46AE2E2C-9C9D-42F8-BAA3-50ADDA610B57}
	EndGlobalSection
	GlobalSection(ExtensibilityGlobals) = postSolution
		SolutionGuid = {810CB9A0-A1CF-4FD1-966E-83B2389575E6}
	EndGlobalSection
EndGlobal
